{
    "name": "boilerplatenode",
    "version": "1.1.0",
    "lockfileVersion": 2,
    "requires": true,
    "packages": {
        "": {
            "version": "1.1.0",
            "license": "GNU GPL 3.0",
            "dependencies": {
                "boilerplatenode": "^1.1.0"
            },
            "bin": {
                "boilerplatenode": "main.js",
                "bpn": "main.js"
            }
        },
        "node_modules/boilerplatenode": {
            "version": "1.1.0",
            "resolved": "https://registry.npmjs.org/boilerplatenode/-/boilerplatenode-1.1.0.tgz",
            "integrity": "sha512-RQxOcHRY5N9WnR76VaemrsgewLW+7Hlx3b7f1d5f1m7zuzS2cD1/4GBDa4QvLEOILsTcyj8TktzLWUFftPTbbw==",
            "bin": {
                "boilerplatenode": "main.js",
                "bpn": "main.js"
            }
        }
    },
    "dependencies": {
        "boilerplatenode": {
            "version": "1.1.0",
            "resolved": "https://registry.npmjs.org/boilerplatenode/-/boilerplatenode-1.1.0.tgz",
            "integrity": "sha512-RQxOcHRY5N9WnR76VaemrsgewLW+7Hlx3b7f1d5f1m7zuzS2cD1/4GBDa4QvLEOILsTcyj8TktzLWUFftPTbbw=="
        }
    }
}
