{
    "name": "boilerplatenode",
    "version": "1.0.0",
    "lockfileVersion": 2,
    "requires": true,
    "packages": {
        "": {
            "name": "boilerplatenode",
            "version": "1.0.0",
            "license": "ISC",
            "bin": {
                "boilerplatenode": "main.js"
            }
        }
    }
}
